schema: '2.0'
stages:
  prepare:
    cmd: python src/Feature_Importance.py
    deps:
    - path: ContinuousML/NQ_DR_4_10_20_Ideal_27/1_Label_And_Feature_Workflow/Full_Features.csv
      md5: 5750be53c1def25cb9a98487397a1e03
      size: 69748972
    - path: src/Feature_Importance.py
      md5: a54e36c448e9eee0da41e04285be8ce6
      size: 3316
    outs:
    - path: ContinuousML/NQ_DR_4_10_20_Ideal_27/2_Training_Workflow
      md5: 4d54305827c7926b9a6a65a18b771e8a.dir
      size: 3820
      nfiles: 1
  feature_sel:
    cmd: python src/Feature_Importance.py
    deps:
    - path: ContinuousML/NQ_DR_4_10_20_Ideal_27/1_Label_And_Feature_Workflow/Full_Features.csv
      md5: 5750be53c1def25cb9a98487397a1e03
      size: 69748972
    - path: src/Feature_Importance.py
      md5: a54e36c448e9eee0da41e04285be8ce6
      size: 3316
    outs:
    - path: ContinuousML/NQ_DR_4_10_20_Ideal_27/2_Training_Workflow
      md5: 4d54305827c7926b9a6a65a18b771e8a.dir
      size: 3820
      nfiles: 1
