schema: '2.0'
stages:
  training:
    cmd:
    - pip install -r ../../../src/Model_Training/requirements.txt
    - cml-tensorboard-dev --logdir logs --name "Go to tensorboard" --md >> report.md
    - cml-send-comment report.md
    - python ../../../src/Model_Training/Model_Training.py
    - echo "# Multi Class Classification" >> report.md
    - echo "## Plots" >> report.md
    - echo "### Loss across epochs" >> report.md
    - cml-publish loss_plot.png --md --title 'Loss' >> report.md
    - echo "\n### Class confusion from seaborn " >> report.md
    - cml-publish confusion.png --md --title 'Confusion' >> report.md
    - echo "\n### Change of metrics"
    - dvc metrics diff --show-md >> report.md
    - cml-send-comment report.md
    - git add \*.json
    - git add \*.csv
    deps:
    - path: ../../../src/Model_Training/Model_Training.py
      md5: 00f80ee439d7da7c9d08030568fdf852
      size: 5818
    - path: Reduced_Features.csv
      md5: 63f23678df741031fc70205ad3a5e53b
      size: 6042899
    params:
      params.yaml:
        test_size: 0.2
        train.activation: relu
        train.batch_size: 32
        train.epochs: 20
        train.fc_layers:
        - 512
        - 256
        - 128
        - 64
        - 32
    outs:
    - path: classes.csv
      md5: f9e4f86894f2130871ea2a0d8762fa38
      size: 6642
    - path: keras_model.onnx
      md5: 0289d721354c3fb86ff217ec88898062
      size: 1319598
    - path: losses.csv
      md5: 729e643f365352db7f4590408caf7ee8
      size: 1711
    - path: metrics.json
      md5: 08ab99c44eb11b9bd0c0deb4a7e680d9
      size: 228
