schema: '2.0'
stages:
  training:
    cmd:
    - pip install -r ../../../src/Model_Training/requirements.txt
    - python ../../../src/Model_Training/Model_Training.py
    deps:
    - path: ../../../src/Model_Training/Model_Training.py
      md5: d5abaab42ea9ec4d9fb3456dbccf8af5
      size: 5267
    - path: Reduced_Features.csv
      md5: 63f23678df741031fc70205ad3a5e53b
      size: 6042899
    params:
      params.yaml:
        train.activation: relu
        train.batch_size: 16
        train.epochs: 20
        train.fc_layers:
        - 512
        - 256
        - 128
        - 64
    outs:
    - path: keras_model.onnx
      md5: 165284eb4fc3323d8c98310d4b045d97
      size: 1312591
