schema: '2.0'
stages:
  feat-sel:
    cmd:
    - pip install -r ../../../src/Feature_Importance/requirements.txt
    - python ../../../src/Feature_Importance/Feature_Importance.py
    deps:
    - path: ../../../src/Feature_Importance/Feature_Importance.py
      md5: 912eaab8e4cd66975ab3fb711e4518de
      size: 6139
    - path: Full_Features.csv
      md5: 83d2c1ff56d136de28d9486855790026
      size: 680909222
    params:
      params.yaml:
        mode: selectkbest
        n_features: 300
    outs:
    - path: ../2_Training_Workflow/Selected_Features.csv
      md5: 7141b6bf9b0a2aeb2753dfcf67eb5304
      size: 11034
