schema: '2.0'
stages:
  feat-sel:
    cmd:
    - pip install -r ../../../src/Feature_Importance/requirements.txt
    - python ../../../src/Feature_Importance/Feature_Importance.py
    deps:
    - path: ../../../src/Feature_Importance/Feature_Importance.py
      md5: fec2b80dcf9f737181361cc8a0806907
      size: 6352
    - path: Full_Features.csv
      md5: 83d2c1ff56d136de28d9486855790026
      size: 680909222
    params:
      params.yaml:
        mode: voting
        n_features: 300
    outs:
    - path: ../2_Training_Workflow/Reduced_Features.csv
      md5: 16d799c86cc340ff8fcbfdd8b97b0faf
      size: 101151190
    - path: ../2_Training_Workflow/Selected_Features.csv
      md5: 98ca712cf0f6c112c24f74f2a7d176c8
      size: 10302
